
Microsoft Visual Studio Solution File, Format Version 12.00
# Visual Studio Version 17
VisualStudioVersion = 17.8.34322.80
MinimumVisualStudioVersion = 10.0.40219.1
Project("{FAE04EC0-301F-11D3-BF4B-00C04F79EFBC}") = "HW12", "HW12\HW12.csproj", "{18D55069-DB7A-4E6C-B549-973E4D849448}"
EndProject
Global
	GlobalSection(SolutionConfigurationPlatforms) = preSolution
		Debug|Any CPU = Debug|Any CPU
		Release|Any CPU = Release|Any CPU
	EndGlobalSection
	GlobalSection(ProjectConfigurationPlatforms) = postSolution
		{18D55069-DB7A-4E6C-B549-973E4D849448}.Debug|Any CPU.ActiveCfg = Debug|Any CPU
		{18D55069-DB7A-4E6C-B549-973E4D849448}.Debug|Any CPU.Build.0 = Debug|Any CPU
		{18D55069-DB7A-4E6C-B549-973E4D849448}.Release|Any CPU.ActiveCfg = Release|Any CPU
		{18D55069-DB7A-4E6C-B549-973E4D849448}.Release|Any CPU.Build.0 = Release|Any CPU
	EndGlobalSection
	GlobalSection(SolutionProperties) = preSolution
		HideSolutionNode = FALSE
	EndGlobalSection
	GlobalSection(ExtensibilityGlobals) = postSolution
		SolutionGuid = {B92B45AE-4C47-4718-B7BD-5A32155F7530}
	EndGlobalSection
EndGlobal
